// !$*UTF8*$!
{
	archiveVersion = 1;
	classes = {
	};
	objectVersion = 50;
	objects = {

/* Begin PBXBuildFile section */
		06E30BC724F93C12009041B6 /* SetGameApp.swift in Sources */ = {isa = PBXBuildFile; fileRef = 06E30BC624F93C12009041B6 /* SetGameApp.swift */; };
		06E30BC924F93C12009041B6 /* ContentView.swift in Sources */ = {isa = PBXBuildFile; fileRef = 06E30BC824F93C12009041B6 /* ContentView.swift */; };
		06E30BCB24F93C16009041B6 /* Assets.xcassets in Resources */ = {isa = PBXBuildFile; fileRef = 06E30BCA24F93C16009041B6 /* Assets.xcassets */; };
		06E30BCE24F93C16009041B6 /* Preview Assets.xcassets in Resources */ = {isa = PBXBuildFile; fileRef = 06E30BCD24F93C16009041B6 /* Preview Assets.xcassets */; };
		06E30BD924F93C16009041B6 /* SetGameTests.swift in Sources */ = {isa = PBXBuildFile; fileRef = 06E30BD824F93C16009041B6 /* SetGameTests.swift */; };
		06E30BE424F93C16009041B6 /* SetGameUITests.swift in Sources */ = {isa = PBXBuildFile; fileRef = 06E30BE324F93C16009041B6 /* SetGameUITests.swift */; };
		06E30BF224F93C43009041B6 /* SetGame.swift in Sources */ = {isa = PBXBuildFile; fileRef = 06E30BF124F93C43009041B6 /* SetGame.swift */; };
		06E30BF424F953D6009041B6 /* SetGameViewModel.swift in Sources */ = {isa = PBXBuildFile; fileRef = 06E30BF324F953D6009041B6 /* SetGameViewModel.swift */; };
/* End PBXBuildFile section */

/* Begin PBXContainerItemProxy section */
		06E30BD524F93C16009041B6 /* PBXContainerItemProxy */ = {
			isa = PBXContainerItemProxy;
			containerPortal = 06E30BBB24F93C12009041B6 /* Project object */;
			proxyType = 1;
			remoteGlobalIDString = 06E30BC224F93C12009041B6;
			remoteInfo = SetGame;
		};
		06E30BE024F93C16009041B6 /* PBXContainerItemProxy */ = {
			isa = PBXContainerItemProxy;
			containerPortal = 06E30BBB24F93C12009041B6 /* Project object */;
			proxyType = 1;
			remoteGlobalIDString = 06E30BC224F93C12009041B6;
			remoteInfo = SetGame;
		};
/* End PBXContainerItemProxy section */

/* Begin PBXFileReference section */
		06E30BC324F93C12009041B6 /* SetGame.app */ = {isa = PBXFileReference; explicitFileType = wrapper.application; includeInIndex = 0; path = SetGame.app; sourceTree = BUILT_PRODUCTS_DIR; };
		06E30BC624F93C12009041B6 /* SetGameApp.swift */ = {isa = PBXFileReference; lastKnownFileType = sourcecode.swift; path = SetGameApp.swift; sourceTree = "<group>"; };
		06E30BC824F93C12009041B6 /* ContentView.swift */ = {isa = PBXFileReference; lastKnownFileType = sourcecode.swift; path = ContentView.swift; sourceTree = "<group>"; };
		06E30BCA24F93C16009041B6 /* Assets.xcassets */ = {isa = PBXFileReference; lastKnownFileType = folder.assetcatalog; path = Assets.xcassets; sourceTree = "<group>"; };
		06E30BCD24F93C16009041B6 /* Preview Assets.xcassets */ = {isa = PBXFileReference; lastKnownFileType = folder.assetcatalog; path = "Preview Assets.xcassets"; sourceTree = "<group>"; };
		06E30BCF24F93C16009041B6 /* Info.plist */ = {isa = PBXFileReference; lastKnownFileType = text.plist.xml; path = Info.plist; sourceTree = "<group>"; };
		06E30BD424F93C16009041B6 /* SetGameTests.xctest */ = {isa = PBXFileReference; explicitFileType = wrapper.cfbundle; includeInIndex = 0; path = SetGameTests.xctest; sourceTree = BUILT_PRODUCTS_DIR; };
		06E30BD824F93C16009041B6 /* SetGameTests.swift */ = {isa = PBXFileReference; lastKnownFileType = sourcecode.swift; path = SetGameTests.swift; sourceTree = "<group>"; };
		06E30BDA24F93C16009041B6 /* Info.plist */ = {isa = PBXFileReference; lastKnownFileType = text.plist.xml; path = Info.plist; sourceTree = "<group>"; };
		06E30BDF24F93C16009041B6 /* SetGameUITests.xctest */ = {isa = PBXFileReference; explicitFileType = wrapper.cfbundle; includeInIndex = 0; path = SetGameUITests.xctest; sourceTree = BUILT_PRODUCTS_DIR; };
		06E30BE324F93C16009041B6 /* SetGameUITests.swift */ = {isa = PBXFileReference; lastKnownFileType = sourcecode.swift; path = SetGameUITests.swift; sourceTree = "<group>"; };
		06E30BE524F93C16009041B6 /* Info.plist */ = {isa = PBXFileReference; lastKnownFileType = text.plist.xml; path = Info.plist; sourceTree = "<group>"; };
		06E30BF124F93C43009041B6 /* SetGame.swift */ = {isa = PBXFileReference; lastKnownFileType = sourcecode.swift; path = SetGame.swift; sourceTree = "<group>"; };
		06E30BF324F953D6009041B6 /* SetGameViewModel.swift */ = {isa = PBXFileReference; lastKnownFileType = sourcecode.swift; path = SetGameViewModel.swift; sourceTree = "<group>"; };
/* End PBXFileReference section */

/* Begin PBXFrameworksBuildPhase section */
		06E30BC024F93C12009041B6 /* Frameworks */ = {
			isa = PBXFrameworksBuildPhase;
			buildActionMask = 2147483647;
			files = (
			);
			runOnlyForDeploymentPostprocessing = 0;
		};
		06E30BD124F93C16009041B6 /* Frameworks */ = {
			isa = PBXFrameworksBuildPhase;
			buildActionMask = 2147483647;
			files = (
			);
			runOnlyForDeploymentPostprocessing = 0;
		};
		06E30BDC24F93C16009041B6 /* Frameworks */ = {
			isa = PBXFrameworksBuildPhase;
			buildActionMask = 2147483647;
			files = (
			);
			runOnlyForDeploymentPostprocessing = 0;
		};
/* End PBXFrameworksBuildPhase section */

/* Begin PBXGroup section */
		06E30BBA24F93C12009041B6 = {
			isa = PBXGroup;
			children = (
				06E30BC524F93C12009041B6 /* SetGame */,
				06E30BD724F93C16009041B6 /* SetGameTests */,
				06E30BE224F93C16009041B6 /* SetGameUITests */,
				06E30BC424F93C12009041B6 /* Products */,
			);
			sourceTree = "<group>";
		};
		06E30BC424F93C12009041B6 /* Products */ = {
			isa = PBXGroup;
			children = (
				06E30BC324F93C12009041B6 /* SetGame.app */,
				06E30BD424F93C16009041B6 /* SetGameTests.xctest */,
				06E30BDF24F93C16009041B6 /* SetGameUITests.xctest */,
			);
			name = Products;
			sourceTree = "<group>";
		};
		06E30BC524F93C12009041B6 /* SetGame */ = {
			isa = PBXGroup;
			children = (
				06E30BC624F93C12009041B6 /* SetGameApp.swift */,
				06E30BC824F93C12009041B6 /* ContentView.swift */,
				06E30BF124F93C43009041B6 /* SetGame.swift */,
				06E30BF324F953D6009041B6 /* SetGameViewModel.swift */,
				06E30BCA24F93C16009041B6 /* Assets.xcassets */,
				06E30BCF24F93C16009041B6 /* Info.plist */,
				06E30BCC24F93C16009041B6 /* Preview Content */,
			);
			path = SetGame;
			sourceTree = "<group>";
		};
		06E30BCC24F93C16009041B6 /* Preview Content */ = {
			isa = PBXGroup;
			children = (
				06E30BCD24F93C16009041B6 /* Preview Assets.xcassets */,
			);
			path = "Preview Content";
			sourceTree = "<group>";
		};
		06E30BD724F93C16009041B6 /* SetGameTests */ = {
			isa = PBXGroup;
			children = (
				06E30BD824F93C16009041B6 /* SetGameTests.swift */,
				06E30BDA24F93C16009041B6 /* Info.plist */,
			);
			path = SetGameTests;
			sourceTree = "<group>";
		};
		06E30BE224F93C16009041B6 /* SetGameUITests */ = {
			isa = PBXGroup;
			children = (
				06E30BE324F93C16009041B6 /* SetGameUITests.swift */,
				06E30BE524F93C16009041B6 /* Info.plist */,
			);
			path = SetGameUITests;
			sourceTree = "<group>";
		};
/* End PBXGroup section */

/* Begin PBXNativeTarget section */
		06E30BC224F93C12009041B6 /* SetGame */ = {
			isa = PBXNativeTarget;
			buildConfigurationList = 06E30BE824F93C16009041B6 /* Build configuration list for PBXNativeTarget "SetGame" */;
			buildPhases = (
				06E30BBF24F93C12009041B6 /* Sources */,
				06E30BC024F93C12009041B6 /* Frameworks */,
				06E30BC124F93C12009041B6 /* Resources */,
			);
			buildRules = (
			);
			dependencies = (
			);
			name = SetGame;
			productName = SetGame;
			productReference = 06E30BC324F93C12009041B6 /* SetGame.app */;
			productType = "com.apple.product-type.application";
		};
		06E30BD324F93C16009041B6 /* SetGameTests */ = {
			isa = PBXNativeTarget;
			buildConfigurationList = 06E30BEB24F93C16009041B6 /* Build configuration list for PBXNativeTarget "SetGameTests" */;
			buildPhases = (
				06E30BD024F93C16009041B6 /* Sources */,
				06E30BD124F93C16009041B6 /* Frameworks */,
				06E30BD224F93C16009041B6 /* Resources */,
			);
			buildRules = (
			);
			dependencies = (
				06E30BD624F93C16009041B6 /* PBXTargetDependency */,
			);
			name = SetGameTests;
			productName = SetGameTests;
			productReference = 06E30BD424F93C16009041B6 /* SetGameTests.xctest */;
			productType = "com.apple.product-type.bundle.unit-test";
		};
		06E30BDE24F93C16009041B6 /* SetGameUITests */ = {
			isa = PBXNativeTarget;
			buildConfigurationList = 06E30BEE24F93C16009041B6 /* Build configuration list for PBXNativeTarget "SetGameUITests" */;
			buildPhases = (
				06E30BDB24F93C16009041B6 /* Sources */,
				06E30BDC24F93C16009041B6 /* Frameworks */,
				06E30BDD24F93C16009041B6 /* Resources */,
			);
			buildRules = (
			);
			dependencies = (
				06E30BE124F93C16009041B6 /* PBXTargetDependency */,
			);
			name = SetGameUITests;
			productName = SetGameUITests;
			productReference = 06E30BDF24F93C16009041B6 /* SetGameUITests.xctest */;
			productType = "com.apple.product-type.bundle.ui-testing";
		};
/* End PBXNativeTarget section */

/* Begin PBXProject section */
		06E30BBB24F93C12009041B6 /* Project object */ = {
			isa = PBXProject;
			attributes = {
				LastSwiftUpdateCheck = 1200;
				LastUpgradeCheck = 1200;
				TargetAttributes = {
					06E30BC224F93C12009041B6 = {
						CreatedOnToolsVersion = 12.0;
					};
					06E30BD324F93C16009041B6 = {
						CreatedOnToolsVersion = 12.0;
						TestTargetID = 06E30BC224F93C12009041B6;
					};
					06E30BDE24F93C16009041B6 = {
						CreatedOnToolsVersion = 12.0;
						TestTargetID = 06E30BC224F93C12009041B6;
					};
				};
			};
			buildConfigurationList = 06E30BBE24F93C12009041B6 /* Build configuration list for PBXProject "SetGame" */;
			compatibilityVersion = "Xcode 9.3";
			developmentRegion = en;
			hasScannedForEncodings = 0;
			knownRegions = (
				en,
				Base,
			);
			mainGroup = 06E30BBA24F93C12009041B6;
			productRefGroup = 06E30BC424F93C12009041B6 /* Products */;
			projectDirPath = "";
			projectRoot = "";
			targets = (
				06E30BC224F93C12009041B6 /* SetGame */,
				06E30BD324F93C16009041B6 /* SetGameTests */,
				06E30BDE24F93C16009041B6 /* SetGameUITests */,
			);
		};
/* End PBXProject section */

/* Begin PBXResourcesBuildPhase section */
		06E30BC124F93C12009041B6 /* Resources */ = {
			isa = PBXResourcesBuildPhase;
			buildActionMask = 2147483647;
			files = (
				06E30BCE24F93C16009041B6 /* Preview Assets.xcassets in Resources */,
				06E30BCB24F93C16009041B6 /* Assets.xcassets in Resources */,
			);
			runOnlyForDeploymentPostprocessing = 0;
		};
		06E30BD224F93C16009041B6 /* Resources */ = {
			isa = PBXResourcesBuildPhase;
			buildActionMask = 2147483647;
			files = (
			);
			runOnlyForDeploymentPostprocessing = 0;
		};
		06E30BDD24F93C16009041B6 /* Resources */ = {
			isa = PBXResourcesBuildPhase;
			buildActionMask = 2147483647;
			files = (
			);
			runOnlyForDeploymentPostprocessing = 0;
		};
/* End PBXResourcesBuildPhase section */

/* Begin PBXSourcesBuildPhase section */
		06E30BBF24F93C12009041B6 /* Sources */ = {
			isa = PBXSourcesBuildPhase;
			buildActionMask = 2147483647;
			files = (
				06E30BC924F93C12009041B6 /* ContentView.swift in Sources */,
				06E30BF224F93C43009041B6 /* SetGame.swift in Sources */,
				06E30BC724F93C12009041B6 /* SetGameApp.swift in Sources */,
				06E30BF424F953D6009041B6 /* SetGameViewModel.swift in Sources */,
			);
			runOnlyForDeploymentPostprocessing = 0;
		};
		06E30BD024F93C16009041B6 /* Sources */ = {
			isa = PBXSourcesBuildPhase;
			buildActionMask = 2147483647;
			files = (
				06E30BD924F93C16009041B6 /* SetGameTests.swift in Sources */,
			);
			runOnlyForDeploymentPostprocessing = 0;
		};
		06E30BDB24F93C16009041B6 /* Sources */ = {
			isa = PBXSourcesBuildPhase;
			buildActionMask = 2147483647;
			files = (
				06E30BE424F93C16009041B6 /* SetGameUITests.swift in Sources */,
			);
			runOnlyForDeploymentPostprocessing = 0;
		};
/* End PBXSourcesBuildPhase section */

/* Begin PBXTargetDependency section */
		06E30BD624F93C16009041B6 /* PBXTargetDependency */ = {
			isa = PBXTargetDependency;
			target = 06E30BC224F93C12009041B6 /* SetGame */;
			targetProxy = 06E30BD524F93C16009041B6 /* PBXContainerItemProxy */;
		};
		06E30BE124F93C16009041B6 /* PBXTargetDependency */ = {
			isa = PBXTargetDependency;
			target = 06E30BC224F93C12009041B6 /* SetGame */;
			targetProxy = 06E30BE024F93C16009041B6 /* PBXContainerItemProxy */;
		};
/* End PBXTargetDependency section */

/* Begin XCBuildConfiguration section */
		06E30BE624F93C16009041B6 /* Debug */ = {
			isa = XCBuildConfiguration;
			buildSettings = {
				ALWAYS_SEARCH_USER_PATHS = NO;
				CLANG_ANALYZER_NONNULL = YES;
				CLANG_ANALYZER_NUMBER_OBJECT_CONVERSION = YES_AGGRESSIVE;
				CLANG_CXX_LANGUAGE_STANDARD = "gnu++14";
				CLANG_CXX_LIBRARY = "libc++";
				CLANG_ENABLE_MODULES = YES;
				CLANG_ENABLE_OBJC_ARC = YES;
				CLANG_ENABLE_OBJC_WEAK = YES;
				CLANG_WARN_BLOCK_CAPTURE_AUTORELEASING = YES;
				CLANG_WARN_BOOL_CONVERSION = YES;
				CLANG_WARN_COMMA = YES;
				CLANG_WARN_CONSTANT_CONVERSION = YES;
				CLANG_WARN_DEPRECATED_OBJC_IMPLEMENTATIONS = YES;
				CLANG_WARN_DIRECT_OBJC_ISA_USAGE = YES_ERROR;
				CLANG_WARN_DOCUMENTATION_COMMENTS = YES;
				CLANG_WARN_EMPTY_BODY = YES;
				CLANG_WARN_ENUM_CONVERSION = YES;
				CLANG_WARN_INFINITE_RECURSION = YES;
				CLANG_WARN_INT_CONVERSION = YES;
				CLANG_WARN_NON_LITERAL_NULL_CONVERSION = YES;
				CLANG_WARN_OBJC_IMPLICIT_RETAIN_SELF = YES;
				CLANG_WARN_OBJC_LITERAL_CONVERSION = YES;
				CLANG_WARN_OBJC_ROOT_CLASS = YES_ERROR;
				CLANG_WARN_QUOTED_INCLUDE_IN_FRAMEWORK_HEADER = YES;
				CLANG_WARN_RANGE_LOOP_ANALYSIS = YES;
				CLANG_WARN_STRICT_PROTOTYPES = YES;
				CLANG_WARN_SUSPICIOUS_MOVE = YES;
				CLANG_WARN_UNGUARDED_AVAILABILITY = YES_AGGRESSIVE;
				CLANG_WARN_UNREACHABLE_CODE = YES;
				CLANG_WARN__DUPLICATE_METHOD_MATCH = YES;
				COPY_PHASE_STRIP = NO;
				DEBUG_INFORMATION_FORMAT = dwarf;
				ENABLE_STRICT_OBJC_MSGSEND = YES;
				ENABLE_TESTABILITY = YES;
				GCC_C_LANGUAGE_STANDARD = gnu11;
				GCC_DYNAMIC_NO_PIC = NO;
				GCC_NO_COMMON_BLOCKS = YES;
				GCC_OPTIMIZATION_LEVEL = 0;
				GCC_PREPROCESSOR_DEFINITIONS = (
					"DEBUG=1",
					"$(inherited)",
				);
				GCC_WARN_64_TO_32_BIT_CONVERSION = YES;
				GCC_WARN_ABOUT_RETURN_TYPE = YES_ERROR;
				GCC_WARN_UNDECLARED_SELECTOR = YES;
				GCC_WARN_UNINITIALIZED_AUTOS = YES_AGGRESSIVE;
				GCC_WARN_UNUSED_FUNCTION = YES;
				GCC_WARN_UNUSED_VARIABLE = YES;
				IPHONEOS_DEPLOYMENT_TARGET = 14.0;
				MTL_ENABLE_DEBUG_INFO = INCLUDE_SOURCE;
				MTL_FAST_MATH = YES;
				ONLY_ACTIVE_ARCH = YES;
				SDKROOT = iphoneos;
				SWIFT_ACTIVE_COMPILATION_CONDITIONS = DEBUG;
				SWIFT_OPTIMIZATION_LEVEL = "-Onone";
			};
			name = Debug;
		};
		06E30BE724F93C16009041B6 /* Release */ = {
			isa = XCBuildConfiguration;
			buildSettings = {
				ALWAYS_SEARCH_USER_PATHS = NO;
				CLANG_ANALYZER_NONNULL = YES;
				CLANG_ANALYZER_NUMBER_OBJECT_CONVERSION = YES_AGGRESSIVE;
				CLANG_CXX_LANGUAGE_STANDARD = "gnu++14";
				CLANG_CXX_LIBRARY = "libc++";
				CLANG_ENABLE_MODULES = YES;
				CLANG_ENABLE_OBJC_ARC = YES;
				CLANG_ENABLE_OBJC_WEAK = YES;
				CLANG_WARN_BLOCK_CAPTURE_AUTORELEASING = YES;
				CLANG_WARN_BOOL_CONVERSION = YES;
				CLANG_WARN_COMMA = YES;
				CLANG_WARN_CONSTANT_CONVERSION = YES;
				CLANG_WARN_DEPRECATED_OBJC_IMPLEMENTATIONS = YES;
				CLANG_WARN_DIRECT_OBJC_ISA_USAGE = YES_ERROR;
				CLANG_WARN_DOCUMENTATION_COMMENTS = YES;
				CLANG_WARN_EMPTY_BODY = YES;
				CLANG_WARN_ENUM_CONVERSION = YES;
				CLANG_WARN_INFINITE_RECURSION = YES;
				CLANG_WARN_INT_CONVERSION = YES;
				CLANG_WARN_NON_LITERAL_NULL_CONVERSION = YES;
				CLANG_WARN_OBJC_IMPLICIT_RETAIN_SELF = YES;
				CLANG_WARN_OBJC_LITERAL_CONVERSION = YES;
				CLANG_WARN_OBJC_ROOT_CLASS = YES_ERROR;
				CLANG_WARN_QUOTED_INCLUDE_IN_FRAMEWORK_HEADER = YES;
				CLANG_WARN_RANGE_LOOP_ANALYSIS = YES;
				CLANG_WARN_STRICT_PROTOTYPES = YES;
				CLANG_WARN_SUSPICIOUS_MOVE = YES;
				CLANG_WARN_UNGUARDED_AVAILABILITY = YES_AGGRESSIVE;
				CLANG_WARN_UNREACHABLE_CODE = YES;
				CLANG_WARN__DUPLICATE_METHOD_MATCH = YES;
				COPY_PHASE_STRIP = NO;
				DEBUG_INFORMATION_FORMAT = "dwarf-with-dsym";
				ENABLE_NS_ASSERTIONS = NO;
				ENABLE_STRICT_OBJC_MSGSEND = YES;
				GCC_C_LANGUAGE_STANDARD = gnu11;
				GCC_NO_COMMON_BLOCKS = YES;
				GCC_WARN_64_TO_32_BIT_CONVERSION = YES;
				GCC_WARN_ABOUT_RETURN_TYPE = YES_ERROR;
				GCC_WARN_UNDECLARED_SELECTOR = YES;
				GCC_WARN_UNINITIALIZED_AUTOS = YES_AGGRESSIVE;
				GCC_WARN_UNUSED_FUNCTION = YES;
				GCC_WARN_UNUSED_VARIABLE = YES;
				IPHONEOS_DEPLOYMENT_TARGET = 14.0;
				MTL_ENABLE_DEBUG_INFO = NO;
				MTL_FAST_MATH = YES;
				SDKROOT = iphoneos;
				SWIFT_COMPILATION_MODE = wholemodule;
				SWIFT_OPTIMIZATION_LEVEL = "-O";
				VALIDATE_PRODUCT = YES;
			};
			name = Release;
		};
		06E30BE924F93C16009041B6 /* Debug */ = {
			isa = XCBuildConfiguration;
			buildSettings = {
				ASSETCATALOG_COMPILER_APPICON_NAME = AppIcon;
				ASSETCATALOG_COMPILER_GLOBAL_ACCENT_COLOR_NAME = AccentColor;
				CODE_SIGN_STYLE = Automatic;
				DEVELOPMENT_ASSET_PATHS = "\"SetGame/Preview Content\"";
				DEVELOPMENT_TEAM = D484Q2369J;
				ENABLE_PREVIEWS = YES;
				INFOPLIST_FILE = SetGame/Info.plist;
				IPHONEOS_DEPLOYMENT_TARGET = 14.0;
				LD_RUNPATH_SEARCH_PATHS = (
					"$(inherited)",
					"@executable_path/Frameworks",
				);
				PRODUCT_BUNDLE_IDENTIFIER = com.mostafa.SetGame;
				PRODUCT_NAME = "$(TARGET_NAME)";
				SWIFT_VERSION = 5.0;
				TARGETED_DEVICE_FAMILY = "1,2";
			};
			name = Debug;
		};
		06E30BEA24F93C16009041B6 /* Release */ = {
			isa = XCBuildConfiguration;
			buildSettings = {
				ASSETCATALOG_COMPILER_APPICON_NAME = AppIcon;
				ASSETCATALOG_COMPILER_GLOBAL_ACCENT_COLOR_NAME = AccentColor;
				CODE_SIGN_STYLE = Automatic;
				DEVELOPMENT_ASSET_PATHS = "\"SetGame/Preview Content\"";
				DEVELOPMENT_TEAM = D484Q2369J;
				ENABLE_PREVIEWS = YES;
				INFOPLIST_FILE = SetGame/Info.plist;
				IPHONEOS_DEPLOYMENT_TARGET = 14.0;
				LD_RUNPATH_SEARCH_PATHS = (
					"$(inherited)",
					"@executable_path/Frameworks",
				);
				PRODUCT_BUNDLE_IDENTIFIER = com.mostafa.SetGame;
				PRODUCT_NAME = "$(TARGET_NAME)";
				SWIFT_VERSION = 5.0;
				TARGETED_DEVICE_FAMILY = "1,2";
			};
			name = Release;
		};
		06E30BEC24F93C16009041B6 /* Debug */ = {
			isa = XCBuildConfiguration;
			buildSettings = {
				ALWAYS_EMBED_SWIFT_STANDARD_LIBRARIES = YES;
				BUNDLE_LOADER = "$(TEST_HOST)";
				CODE_SIGN_STYLE = Automatic;
				DEVELOPMENT_TEAM = D484Q2369J;
				INFOPLIST_FILE = SetGameTests/Info.plist;
				IPHONEOS_DEPLOYMENT_TARGET = 14.0;
				LD_RUNPATH_SEARCH_PATHS = (
					"$(inherited)",
					"@executable_path/Frameworks",
					"@loader_path/Frameworks",
				);
				PRODUCT_BUNDLE_IDENTIFIER = com.mostafa.SetGameTests;
				PRODUCT_NAME = "$(TARGET_NAME)";
				SWIFT_VERSION = 5.0;
				TARGETED_DEVICE_FAMILY = "1,2";
				TEST_HOST = "$(BUILT_PRODUCTS_DIR)/SetGame.app/SetGame";
			};
			name = Debug;
		};
		06E30BED24F93C16009041B6 /* Release */ = {
			isa = XCBuildConfiguration;
			buildSettings = {
				ALWAYS_EMBED_SWIFT_STANDARD_LIBRARIES = YES;
				BUNDLE_LOADER = "$(TEST_HOST)";
				CODE_SIGN_STYLE = Automatic;
				DEVELOPMENT_TEAM = D484Q2369J;
				INFOPLIST_FILE = SetGameTests/Info.plist;
				IPHONEOS_DEPLOYMENT_TARGET = 14.0;
				LD_RUNPATH_SEARCH_PATHS = (
					"$(inherited)",
					"@executable_path/Frameworks",
					"@loader_path/Frameworks",
				);
				PRODUCT_BUNDLE_IDENTIFIER = com.mostafa.SetGameTests;
				PRODUCT_NAME = "$(TARGET_NAME)";
				SWIFT_VERSION = 5.0;
				TARGETED_DEVICE_FAMILY = "1,2";
				TEST_HOST = "$(BUILT_PRODUCTS_DIR)/SetGame.app/SetGame";
			};
			name = Release;
		};
		06E30BEF24F93C16009041B6 /* Debug */ = {
			isa = XCBuildConfiguration;
			buildSettings = {
				ALWAYS_EMBED_SWIFT_STANDARD_LIBRARIES = YES;
				CODE_SIGN_STYLE = Automatic;
				DEVELOPMENT_TEAM = D484Q2369J;
				INFOPLIST_FILE = SetGameUITests/Info.plist;
				LD_RUNPATH_SEARCH_PATHS = (
					"$(inherited)",
					"@executable_path/Frameworks",
					"@loader_path/Frameworks",
				);
				PRODUCT_BUNDLE_IDENTIFIER = com.mostafa.SetGameUITests;
				PRODUCT_NAME = "$(TARGET_NAME)";
				SWIFT_VERSION = 5.0;
				TARGETED_DEVICE_FAMILY = "1,2";
				TEST_TARGET_NAME = SetGame;
			};
			name = Debug;
		};
		06E30BF024F93C16009041B6 /* Release */ = {
			isa = XCBuildConfiguration;
			buildSettings = {
				ALWAYS_EMBED_SWIFT_STANDARD_LIBRARIES = YES;
				CODE_SIGN_STYLE = Automatic;
				DEVELOPMENT_TEAM = D484Q2369J;
				INFOPLIST_FILE = SetGameUITests/Info.plist;
				LD_RUNPATH_SEARCH_PATHS = (
					"$(inherited)",
					"@executable_path/Frameworks",
					"@loader_path/Frameworks",
				);
				PRODUCT_BUNDLE_IDENTIFIER = com.mostafa.SetGameUITests;
				PRODUCT_NAME = "$(TARGET_NAME)";
				SWIFT_VERSION = 5.0;
				TARGETED_DEVICE_FAMILY = "1,2";
				TEST_TARGET_NAME = SetGame;
			};
			name = Release;
		};
/* End XCBuildConfiguration section */

/* Begin XCConfigurationList section */
		06E30BBE24F93C12009041B6 /* Build configuration list for PBXProject "SetGame" */ = {
			isa = XCConfigurationList;
			buildConfigurations = (
				06E30BE624F93C16009041B6 /* Debug */,
				06E30BE724F93C16009041B6 /* Release */,
			);
			defaultConfigurationIsVisible = 0;
			defaultConfigurationName = Release;
		};
		06E30BE824F93C16009041B6 /* Build configuration list for PBXNativeTarget "SetGame" */ = {
			isa = XCConfigurationList;
			buildConfigurations = (
				06E30BE924F93C16009041B6 /* Debug */,
				06E30BEA24F93C16009041B6 /* Release */,
			);
			defaultConfigurationIsVisible = 0;
			defaultConfigurationName = Release;
		};
		06E30BEB24F93C16009041B6 /* Build configuration list for PBXNativeTarget "SetGameTests" */ = {
			isa = XCConfigurationList;
			buildConfigurations = (
				06E30BEC24F93C16009041B6 /* Debug */,
				06E30BED24F93C16009041B6 /* Release */,
			);
			defaultConfigurationIsVisible = 0;
			defaultConfigurationName = Release;
		};
		06E30BEE24F93C16009041B6 /* Build configuration list for PBXNativeTarget "SetGameUITests" */ = {
			isa = XCConfigurationList;
			buildConfigurations = (
				06E30BEF24F93C16009041B6 /* Debug */,
				06E30BF024F93C16009041B6 /* Release */,
			);
			defaultConfigurationIsVisible = 0;
			defaultConfigurationName = Release;
		};
/* End XCConfigurationList section */
	};
	rootObject = 06E30BBB24F93C12009041B6 /* Project object */;
}
